
Microsoft Visual Studio Solution File, Format Version 12.00
# Visual Studio 15
VisualStudioVersion = 15.0.26430.6
MinimumVisualStudioVersion = 10.0.40219.1
Project("{FAE04EC0-301F-11D3-BF4B-00C04F79EFBC}") = "EnglishTrainer.Core", "EnglishTrainer.Core\EnglishTrainer.Core.csproj", "{C38CD046-C770-4F13-BC1D-CDA94ECD7941}"
EndProject
Project("{FAE04EC0-301F-11D3-BF4B-00C04F79EFBC}") = "EnglishTrainer.API", "EnglishTrainer.API\EnglishTrainer.API.csproj", "{FB74BA60-09B1-47FB-BEB2-750CE8A1ED09}"
EndProject
Project("{FAE04EC0-301F-11D3-BF4B-00C04F79EFBC}") = "WordsLoader", "Tools\WordsLoader\WordsLoader.csproj", "{C0B7F7D3-373F-4422-9B2C-CF808B40189B}"
EndProject
Project("{FAE04EC0-301F-11D3-BF4B-00C04F79EFBC}") = "Migrator", "Tools\Migrator\Migrator.csproj", "{AA440481-6BF6-4E02-8F08-A584B0EA6746}"
EndProject
Global
	GlobalSection(SolutionConfigurationPlatforms) = preSolution
		Debug|Any CPU = Debug|Any CPU
		Release|Any CPU = Release|Any CPU
	EndGlobalSection
	GlobalSection(ProjectConfigurationPlatforms) = postSolution
		{C38CD046-C770-4F13-BC1D-CDA94ECD7941}.Debug|Any CPU.ActiveCfg = Debug|Any CPU
		{C38CD046-C770-4F13-BC1D-CDA94ECD7941}.Debug|Any CPU.Build.0 = Debug|Any CPU
		{C38CD046-C770-4F13-BC1D-CDA94ECD7941}.Release|Any CPU.ActiveCfg = Release|Any CPU
		{C38CD046-C770-4F13-BC1D-CDA94ECD7941}.Release|Any CPU.Build.0 = Release|Any CPU
		{FB74BA60-09B1-47FB-BEB2-750CE8A1ED09}.Debug|Any CPU.ActiveCfg = Debug|Any CPU
		{FB74BA60-09B1-47FB-BEB2-750CE8A1ED09}.Debug|Any CPU.Build.0 = Debug|Any CPU
		{FB74BA60-09B1-47FB-BEB2-750CE8A1ED09}.Release|Any CPU.ActiveCfg = Release|Any CPU
		{FB74BA60-09B1-47FB-BEB2-750CE8A1ED09}.Release|Any CPU.Build.0 = Release|Any CPU
		{C0B7F7D3-373F-4422-9B2C-CF808B40189B}.Debug|Any CPU.ActiveCfg = Debug|Any CPU
		{C0B7F7D3-373F-4422-9B2C-CF808B40189B}.Debug|Any CPU.Build.0 = Debug|Any CPU
		{C0B7F7D3-373F-4422-9B2C-CF808B40189B}.Release|Any CPU.ActiveCfg = Release|Any CPU
		{C0B7F7D3-373F-4422-9B2C-CF808B40189B}.Release|Any CPU.Build.0 = Release|Any CPU
		{AA440481-6BF6-4E02-8F08-A584B0EA6746}.Debug|Any CPU.ActiveCfg = Debug|Any CPU
		{AA440481-6BF6-4E02-8F08-A584B0EA6746}.Debug|Any CPU.Build.0 = Debug|Any CPU
		{AA440481-6BF6-4E02-8F08-A584B0EA6746}.Release|Any CPU.ActiveCfg = Release|Any CPU
		{AA440481-6BF6-4E02-8F08-A584B0EA6746}.Release|Any CPU.Build.0 = Release|Any CPU
	EndGlobalSection
	GlobalSection(SolutionProperties) = preSolution
		HideSolutionNode = FALSE
	EndGlobalSection
EndGlobal
